
Microsoft Visual Studio Solution File, Format Version 12.00
# Visual Studio Version 17
VisualStudioVersion = 17.10.35013.160
MinimumVisualStudioVersion = 10.0.40219.1
Project("{FAE04EC0-301F-11D3-BF4B-00C04F79EFBC}") = "BlazorServerApp Razor Components Part2", "BlazorServerApp Razor Components Part2\BlazorServerApp Razor Components Part2.csproj", "{CF78C88D-CBB8-47B6-AE82-47142AB5C9FD}"
EndProject
Global
	GlobalSection(SolutionConfigurationPlatforms) = preSolution
		Debug|Any CPU = Debug|Any CPU
		Release|Any CPU = Release|Any CPU
	EndGlobalSection
	GlobalSection(ProjectConfigurationPlatforms) = postSolution
		{CF78C88D-CBB8-47B6-AE82-47142AB5C9FD}.Debug|Any CPU.ActiveCfg = Debug|Any CPU
		{CF78C88D-CBB8-47B6-AE82-47142AB5C9FD}.Debug|Any CPU.Build.0 = Debug|Any CPU
		{CF78C88D-CBB8-47B6-AE82-47142AB5C9FD}.Release|Any CPU.ActiveCfg = Release|Any CPU
		{CF78C88D-CBB8-47B6-AE82-47142AB5C9FD}.Release|Any CPU.Build.0 = Release|Any CPU
	EndGlobalSection
	GlobalSection(SolutionProperties) = preSolution
		HideSolutionNode = FALSE
	EndGlobalSection
	GlobalSection(ExtensibilityGlobals) = postSolution
		SolutionGuid = {5B7A8E21-F4F0-48BC-AFC2-946C79382DBE}
	EndGlobalSection
EndGlobal
